
Microsoft Visual Studio Solution File, Format Version 12.00
# Visual Studio Version 16
VisualStudioVersion = 16.0.30309.148
MinimumVisualStudioVersion = 10.0.40219.1
Project("{9A19103F-16F7-4668-BE54-9A1E7A4F7556}") = "TunicSaveManager", "TunicSaveManager.csproj", "{BE01EA02-A2E7-4939-8405-BA7E1CC63D4A}"
EndProject
Global
	GlobalSection(SolutionConfigurationPlatforms) = preSolution
		Debug|Any CPU = Debug|Any CPU
		Release|Any CPU = Release|Any CPU
	EndGlobalSection
	GlobalSection(ProjectConfigurationPlatforms) = postSolution
		{BE01EA02-A2E7-4939-8405-BA7E1CC63D4A}.Debug|Any CPU.ActiveCfg = Release|Any CPU
		{BE01EA02-A2E7-4939-8405-BA7E1CC63D4A}.Debug|Any CPU.Build.0 = Release|Any CPU
		{BE01EA02-A2E7-4939-8405-BA7E1CC63D4A}.Release|Any CPU.ActiveCfg = Release|Any CPU
		{BE01EA02-A2E7-4939-8405-BA7E1CC63D4A}.Release|Any CPU.Build.0 = Release|Any CPU
	EndGlobalSection
	GlobalSection(SolutionProperties) = preSolution
		HideSolutionNode = FALSE
	EndGlobalSection
	GlobalSection(ExtensibilityGlobals) = postSolution
		SolutionGuid = {D0207181-9DDC-4F9B-90B4-0FF0CA701E86}
	EndGlobalSection
EndGlobal
